
Microsoft Visual Studio Solution File, Format Version 12.00
# Visual Studio Version 16
VisualStudioVersion = 16.0.31702.278
MinimumVisualStudioVersion = 10.0.40219.1
Project("{FAE04EC0-301F-11D3-BF4B-00C04F79EFBC}") = "COM3D2 MenuCategoryChanger", "COM3D2 MenuCategoryChanger.csproj", "{0ED11C7B-2021-417A-843D-80083B6BA74B}"
EndProject
Global
	GlobalSection(SolutionConfigurationPlatforms) = preSolution
		Debug|Any CPU = Debug|Any CPU
		Release|Any CPU = Release|Any CPU
	EndGlobalSection
	GlobalSection(ProjectConfigurationPlatforms) = postSolution
		{0ED11C7B-2021-417A-843D-80083B6BA74B}.Debug|Any CPU.ActiveCfg = Debug|Any CPU
		{0ED11C7B-2021-417A-843D-80083B6BA74B}.Debug|Any CPU.Build.0 = Debug|Any CPU
		{0ED11C7B-2021-417A-843D-80083B6BA74B}.Release|Any CPU.ActiveCfg = Release|Any CPU
		{0ED11C7B-2021-417A-843D-80083B6BA74B}.Release|Any CPU.Build.0 = Release|Any CPU
	EndGlobalSection
	GlobalSection(SolutionProperties) = preSolution
		HideSolutionNode = FALSE
	EndGlobalSection
	GlobalSection(ExtensibilityGlobals) = postSolution
		SolutionGuid = {59B3BF0E-504B-4023-9F9E-72104D0B8AD0}
	EndGlobalSection
EndGlobal
